
Microsoft Visual Studio Solution File, Format Version 12.00
# Visual Studio Version 17
VisualStudioVersion = 17.5.33530.505
MinimumVisualStudioVersion = 10.0.40219.1
Project("{FAE04EC0-301F-11D3-BF4B-00C04F79EFBC}") = "Vegetables_fruits", "Vegetables_fruits\Vegetables_fruits.csproj", "{E547CE45-FFC8-4203-9F2D-A6D21D906487}"
EndProject
Global
	GlobalSection(SolutionConfigurationPlatforms) = preSolution
		Debug|Any CPU = Debug|Any CPU
		Release|Any CPU = Release|Any CPU
	EndGlobalSection
	GlobalSection(ProjectConfigurationPlatforms) = postSolution
		{E547CE45-FFC8-4203-9F2D-A6D21D906487}.Debug|Any CPU.ActiveCfg = Debug|Any CPU
		{E547CE45-FFC8-4203-9F2D-A6D21D906487}.Debug|Any CPU.Build.0 = Debug|Any CPU
		{E547CE45-FFC8-4203-9F2D-A6D21D906487}.Release|Any CPU.ActiveCfg = Release|Any CPU
		{E547CE45-FFC8-4203-9F2D-A6D21D906487}.Release|Any CPU.Build.0 = Release|Any CPU
	EndGlobalSection
	GlobalSection(SolutionProperties) = preSolution
		HideSolutionNode = FALSE
	EndGlobalSection
	GlobalSection(ExtensibilityGlobals) = postSolution
		SolutionGuid = {8D8C3926-B29B-437C-9794-4EBF931B6322}
	EndGlobalSection
EndGlobal
